
Microsoft Visual Studio Solution File, Format Version 12.00
# Visual Studio 15
VisualStudioVersion = 15.0.28307.1022
MinimumVisualStudioVersion = 10.0.40219.1
Project("{FAE04EC0-301F-11D3-BF4B-00C04F79EFBC}") = "MDRConfigTool", "MDRConfigTool\MDRConfigTool.csproj", "{6C1453D6-718B-448E-8BFB-FFBD98800245}"
EndProject
Global
	GlobalSection(SolutionConfigurationPlatforms) = preSolution
		Debug|Any CPU = Debug|Any CPU
		Release|Any CPU = Release|Any CPU
	EndGlobalSection
	GlobalSection(ProjectConfigurationPlatforms) = postSolution
		{6C1453D6-718B-448E-8BFB-FFBD98800245}.Debug|Any CPU.ActiveCfg = Debug|Any CPU
		{6C1453D6-718B-448E-8BFB-FFBD98800245}.Debug|Any CPU.Build.0 = Debug|Any CPU
		{6C1453D6-718B-448E-8BFB-FFBD98800245}.Release|Any CPU.ActiveCfg = Release|Any CPU
		{6C1453D6-718B-448E-8BFB-FFBD98800245}.Release|Any CPU.Build.0 = Release|Any CPU
	EndGlobalSection
	GlobalSection(SolutionProperties) = preSolution
		HideSolutionNode = FALSE
	EndGlobalSection
	GlobalSection(ExtensibilityGlobals) = postSolution
		SolutionGuid = {CD2B61E3-F49D-4CA7-9232-BA5E750A31C2}
	EndGlobalSection
EndGlobal
